// !$*UTF8*$!
{
	archiveVersion = 1;
	classes = {
	};
	objectVersion = 55;
	objects = {

/* Begin PBXBuildFile section */
		8A39F5B6272AB63F001EB99D /* AppDelegate.swift in Sources */ = {isa = PBXBuildFile; fileRef = 8A39F5B5272AB63F001EB99D /* AppDelegate.swift */; };
		8A39F5B8272AB63F001EB99D /* SceneDelegate.swift in Sources */ = {isa = PBXBuildFile; fileRef = 8A39F5B7272AB63F001EB99D /* SceneDelegate.swift */; };
		8A39F5BA272AB63F001EB99D /* ViewController.swift in Sources */ = {isa = PBXBuildFile; fileRef = 8A39F5B9272AB63F001EB99D /* ViewController.swift */; };
		8A39F5BD272AB63F001EB99D /* Main.storyboard in Resources */ = {isa = PBXBuildFile; fileRef = 8A39F5BB272AB63F001EB99D /* Main.storyboard */; };
		8A39F5BF272AB642001EB99D /* Assets.xcassets in Resources */ = {isa = PBXBuildFile; fileRef = 8A39F5BE272AB642001EB99D /* Assets.xcassets */; };
		8A39F5C2272AB642001EB99D /* LaunchScreen.storyboard in Resources */ = {isa = PBXBuildFile; fileRef = 8A39F5C0272AB642001EB99D /* LaunchScreen.storyboard */; };
		8A39F5CD272AB642001EB99D /* SamplePod2Tests.swift in Sources */ = {isa = PBXBuildFile; fileRef = 8A39F5CC272AB642001EB99D /* SamplePod2Tests.swift */; };
		8A39F5D7272AB642001EB99D /* SamplePod2UITests.swift in Sources */ = {isa = PBXBuildFile; fileRef = 8A39F5D6272AB642001EB99D /* SamplePod2UITests.swift */; };
		8A39F5D9272AB642001EB99D /* SamplePod2UITestsLaunchTests.swift in Sources */ = {isa = PBXBuildFile; fileRef = 8A39F5D8272AB642001EB99D /* SamplePod2UITestsLaunchTests.swift */; };
		912AACED81069593A0240EDA /* Pods_SamplePod2.framework in Frameworks */ = {isa = PBXBuildFile; fileRef = EA8BA53335FCD5A1A421CE70 /* Pods_SamplePod2.framework */; };
		9AC08649D1466F41B4910208 /* Pods_SamplePod2Tests.framework in Frameworks */ = {isa = PBXBuildFile; fileRef = 082F212770E959422E623FD7 /* Pods_SamplePod2Tests.framework */; };
		FDBA6CBB69861244D59E7091 /* Pods_SamplePod2_SamplePod2UITests.framework in Frameworks */ = {isa = PBXBuildFile; fileRef = E2389AB9143A6EDE0283EFC2 /* Pods_SamplePod2_SamplePod2UITests.framework */; };
/* End PBXBuildFile section */

/* Begin PBXContainerItemProxy section */
		8A39F5C9272AB642001EB99D /* PBXContainerItemProxy */ = {
			isa = PBXContainerItemProxy;
			containerPortal = 8A39F5AA272AB63F001EB99D /* Project object */;
			proxyType = 1;
			remoteGlobalIDString = 8A39F5B1272AB63F001EB99D;
			remoteInfo = SamplePod2;
		};
		8A39F5D3272AB642001EB99D /* PBXContainerItemProxy */ = {
			isa = PBXContainerItemProxy;
			containerPortal = 8A39F5AA272AB63F001EB99D /* Project object */;
			proxyType = 1;
			remoteGlobalIDString = 8A39F5B1272AB63F001EB99D;
			remoteInfo = SamplePod2;
		};
/* End PBXContainerItemProxy section */

/* Begin PBXFileReference section */
		0634B45A93A671BA0023E126 /* Pods-SamplePod2Tests.release.xcconfig */ = {isa = PBXFileReference; includeInIndex = 1; lastKnownFileType = text.xcconfig; name = "Pods-SamplePod2Tests.release.xcconfig"; path = "Target Support Files/Pods-SamplePod2Tests/Pods-SamplePod2Tests.release.xcconfig"; sourceTree = "<group>"; };
		063B3C4344955857F377EB00 /* Pods-SamplePod2-SamplePod2UITests.debug.xcconfig */ = {isa = PBXFileReference; includeInIndex = 1; lastKnownFileType = text.xcconfig; name = "Pods-SamplePod2-SamplePod2UITests.debug.xcconfig"; path = "Target Support Files/Pods-SamplePod2-SamplePod2UITests/Pods-SamplePod2-SamplePod2UITests.debug.xcconfig"; sourceTree = "<group>"; };
		082F212770E959422E623FD7 /* Pods_SamplePod2Tests.framework */ = {isa = PBXFileReference; explicitFileType = wrapper.framework; includeInIndex = 0; path = Pods_SamplePod2Tests.framework; sourceTree = BUILT_PRODUCTS_DIR; };
		24616C8188244B5F132740DC /* Pods-SamplePod2Tests.debug.xcconfig */ = {isa = PBXFileReference; includeInIndex = 1; lastKnownFileType = text.xcconfig; name = "Pods-SamplePod2Tests.debug.xcconfig"; path = "Target Support Files/Pods-SamplePod2Tests/Pods-SamplePod2Tests.debug.xcconfig"; sourceTree = "<group>"; };
		557D4A5251267B880738286A /* Pods-SamplePod2-SamplePod2UITests.release.xcconfig */ = {isa = PBXFileReference; includeInIndex = 1; lastKnownFileType = text.xcconfig; name = "Pods-SamplePod2-SamplePod2UITests.release.xcconfig"; path = "Target Support Files/Pods-SamplePod2-SamplePod2UITests/Pods-SamplePod2-SamplePod2UITests.release.xcconfig"; sourceTree = "<group>"; };
		8A39F5B2272AB63F001EB99D /* SamplePod2.app */ = {isa = PBXFileReference; explicitFileType = wrapper.application; includeInIndex = 0; path = SamplePod2.app; sourceTree = BUILT_PRODUCTS_DIR; };
		8A39F5B5272AB63F001EB99D /* AppDelegate.swift */ = {isa = PBXFileReference; lastKnownFileType = sourcecode.swift; path = AppDelegate.swift; sourceTree = "<group>"; };
		8A39F5B7272AB63F001EB99D /* SceneDelegate.swift */ = {isa = PBXFileReference; lastKnownFileType = sourcecode.swift; path = SceneDelegate.swift; sourceTree = "<group>"; };
		8A39F5B9272AB63F001EB99D /* ViewController.swift */ = {isa = PBXFileReference; lastKnownFileType = sourcecode.swift; path = ViewController.swift; sourceTree = "<group>"; };
		8A39F5BC272AB63F001EB99D /* Base */ = {isa = PBXFileReference; lastKnownFileType = file.storyboard; name = Base; path = Base.lproj/Main.storyboard; sourceTree = "<group>"; };
		8A39F5BE272AB642001EB99D /* Assets.xcassets */ = {isa = PBXFileReference; lastKnownFileType = folder.assetcatalog; path = Assets.xcassets; sourceTree = "<group>"; };
		8A39F5C1272AB642001EB99D /* Base */ = {isa = PBXFileReference; lastKnownFileType = file.storyboard; name = Base; path = Base.lproj/LaunchScreen.storyboard; sourceTree = "<group>"; };
		8A39F5C3272AB642001EB99D /* Info.plist */ = {isa = PBXFileReference; lastKnownFileType = text.plist.xml; path = Info.plist; sourceTree = "<group>"; };
		8A39F5C8272AB642001EB99D /* SamplePod2Tests.xctest */ = {isa = PBXFileReference; explicitFileType = wrapper.cfbundle; includeInIndex = 0; path = SamplePod2Tests.xctest; sourceTree = BUILT_PRODUCTS_DIR; };
		8A39F5CC272AB642001EB99D /* SamplePod2Tests.swift */ = {isa = PBXFileReference; lastKnownFileType = sourcecode.swift; path = SamplePod2Tests.swift; sourceTree = "<group>"; };
		8A39F5D2272AB642001EB99D /* SamplePod2UITests.xctest */ = {isa = PBXFileReference; explicitFileType = wrapper.cfbundle; includeInIndex = 0; path = SamplePod2UITests.xctest; sourceTree = BUILT_PRODUCTS_DIR; };
		8A39F5D6272AB642001EB99D /* SamplePod2UITests.swift */ = {isa = PBXFileReference; lastKnownFileType = sourcecode.swift; path = SamplePod2UITests.swift; sourceTree = "<group>"; };
		8A39F5D8272AB642001EB99D /* SamplePod2UITestsLaunchTests.swift */ = {isa = PBXFileReference; lastKnownFileType = sourcecode.swift; path = SamplePod2UITestsLaunchTests.swift; sourceTree = "<group>"; };
		AA4106F9088B18BE96BE4C99 /* Pods-SamplePod2.release.xcconfig */ = {isa = PBXFileReference; includeInIndex = 1; lastKnownFileType = text.xcconfig; name = "Pods-SamplePod2.release.xcconfig"; path = "Target Support Files/Pods-SamplePod2/Pods-SamplePod2.release.xcconfig"; sourceTree = "<group>"; };
		E2389AB9143A6EDE0283EFC2 /* Pods_SamplePod2_SamplePod2UITests.framework */ = {isa = PBXFileReference; explicitFileType = wrapper.framework; includeInIndex = 0; path = Pods_SamplePod2_SamplePod2UITests.framework; sourceTree = BUILT_PRODUCTS_DIR; };
		EA8BA53335FCD5A1A421CE70 /* Pods_SamplePod2.framework */ = {isa = PBXFileReference; explicitFileType = wrapper.framework; includeInIndex = 0; path = Pods_SamplePod2.framework; sourceTree = BUILT_PRODUCTS_DIR; };
		F831833200A19D79C2B904FA /* Pods-SamplePod2.debug.xcconfig */ = {isa = PBXFileReference; includeInIndex = 1; lastKnownFileType = text.xcconfig; name = "Pods-SamplePod2.debug.xcconfig"; path = "Target Support Files/Pods-SamplePod2/Pods-SamplePod2.debug.xcconfig"; sourceTree = "<group>"; };
/* End PBXFileReference section */

/* Begin PBXFrameworksBuildPhase section */
		8A39F5AF272AB63F001EB99D /* Frameworks */ = {
			isa = PBXFrameworksBuildPhase;
			buildActionMask = 2147483647;
			files = (
				912AACED81069593A0240EDA /* Pods_SamplePod2.framework in Frameworks */,
			);
			runOnlyForDeploymentPostprocessing = 0;
		};
		8A39F5C5272AB642001EB99D /* Frameworks */ = {
			isa = PBXFrameworksBuildPhase;
			buildActionMask = 2147483647;
			files = (
				9AC08649D1466F41B4910208 /* Pods_SamplePod2Tests.framework in Frameworks */,
			);
			runOnlyForDeploymentPostprocessing = 0;
		};
		8A39F5CF272AB642001EB99D /* Frameworks */ = {
			isa = PBXFrameworksBuildPhase;
			buildActionMask = 2147483647;
			files = (
				FDBA6CBB69861244D59E7091 /* Pods_SamplePod2_SamplePod2UITests.framework in Frameworks */,
			);
			runOnlyForDeploymentPostprocessing = 0;
		};
/* End PBXFrameworksBuildPhase section */

/* Begin PBXGroup section */
		0CD1E51B59B349A821CB9AB9 /* Frameworks */ = {
			isa = PBXGroup;
			children = (
				EA8BA53335FCD5A1A421CE70 /* Pods_SamplePod2.framework */,
				E2389AB9143A6EDE0283EFC2 /* Pods_SamplePod2_SamplePod2UITests.framework */,
				082F212770E959422E623FD7 /* Pods_SamplePod2Tests.framework */,
			);
			name = Frameworks;
			sourceTree = "<group>";
		};
		8A39F5A9272AB63F001EB99D = {
			isa = PBXGroup;
			children = (
				8A39F5B4272AB63F001EB99D /* SamplePod2 */,
				8A39F5CB272AB642001EB99D /* SamplePod2Tests */,
				8A39F5D5272AB642001EB99D /* SamplePod2UITests */,
				8A39F5B3272AB63F001EB99D /* Products */,
				A32769D22AC2DA27849D829A /* Pods */,
				0CD1E51B59B349A821CB9AB9 /* Frameworks */,
			);
			sourceTree = "<group>";
		};
		8A39F5B3272AB63F001EB99D /* Products */ = {
			isa = PBXGroup;
			children = (
				8A39F5B2272AB63F001EB99D /* SamplePod2.app */,
				8A39F5C8272AB642001EB99D /* SamplePod2Tests.xctest */,
				8A39F5D2272AB642001EB99D /* SamplePod2UITests.xctest */,
			);
			name = Products;
			sourceTree = "<group>";
		};
		8A39F5B4272AB63F001EB99D /* SamplePod2 */ = {
			isa = PBXGroup;
			children = (
				8A39F5B5272AB63F001EB99D /* AppDelegate.swift */,
				8A39F5B7272AB63F001EB99D /* SceneDelegate.swift */,
				8A39F5B9272AB63F001EB99D /* ViewController.swift */,
				8A39F5BB272AB63F001EB99D /* Main.storyboard */,
				8A39F5BE272AB642001EB99D /* Assets.xcassets */,
				8A39F5C0272AB642001EB99D /* LaunchScreen.storyboard */,
				8A39F5C3272AB642001EB99D /* Info.plist */,
			);
			path = SamplePod2;
			sourceTree = "<group>";
		};
		8A39F5CB272AB642001EB99D /* SamplePod2Tests */ = {
			isa = PBXGroup;
			children = (
				8A39F5CC272AB642001EB99D /* SamplePod2Tests.swift */,
			);
			path = SamplePod2Tests;
			sourceTree = "<group>";
		};
		8A39F5D5272AB642001EB99D /* SamplePod2UITests */ = {
			isa = PBXGroup;
			children = (
				8A39F5D6272AB642001EB99D /* SamplePod2UITests.swift */,
				8A39F5D8272AB642001EB99D /* SamplePod2UITestsLaunchTests.swift */,
			);
			path = SamplePod2UITests;
			sourceTree = "<group>";
		};
		A32769D22AC2DA27849D829A /* Pods */ = {
			isa = PBXGroup;
			children = (
				F831833200A19D79C2B904FA /* Pods-SamplePod2.debug.xcconfig */,
				AA4106F9088B18BE96BE4C99 /* Pods-SamplePod2.release.xcconfig */,
				063B3C4344955857F377EB00 /* Pods-SamplePod2-SamplePod2UITests.debug.xcconfig */,
				557D4A5251267B880738286A /* Pods-SamplePod2-SamplePod2UITests.release.xcconfig */,
				24616C8188244B5F132740DC /* Pods-SamplePod2Tests.debug.xcconfig */,
				0634B45A93A671BA0023E126 /* Pods-SamplePod2Tests.release.xcconfig */,
			);
			name = Pods;
			path = Pods;
			sourceTree = "<group>";
		};
/* End PBXGroup section */

/* Begin PBXNativeTarget section */
		8A39F5B1272AB63F001EB99D /* SamplePod2 */ = {
			isa = PBXNativeTarget;
			buildConfigurationList = 8A39F5DC272AB642001EB99D /* Build configuration list for PBXNativeTarget "SamplePod2" */;
			buildPhases = (
				691973A52C8D96D69AE5F129 /* [CP] Check Pods Manifest.lock */,
				8A39F5AE272AB63F001EB99D /* Sources */,
				8A39F5AF272AB63F001EB99D /* Frameworks */,
				8A39F5B0272AB63F001EB99D /* Resources */,
				93D52DB421DF351A321ADB92 /* [CP] Embed Pods Frameworks */,
			);
			buildRules = (
			);
			dependencies = (
			);
			name = SamplePod2;
			productName = SamplePod2;
			productReference = 8A39F5B2272AB63F001EB99D /* SamplePod2.app */;
			productType = "com.apple.product-type.application";
		};
		8A39F5C7272AB642001EB99D /* SamplePod2Tests */ = {
			isa = PBXNativeTarget;
			buildConfigurationList = 8A39F5DF272AB642001EB99D /* Build configuration list for PBXNativeTarget "SamplePod2Tests" */;
			buildPhases = (
				EEB7F825EDE5035BF0418E0C /* [CP] Check Pods Manifest.lock */,
				8A39F5C4272AB642001EB99D /* Sources */,
				8A39F5C5272AB642001EB99D /* Frameworks */,
				8A39F5C6272AB642001EB99D /* Resources */,
			);
			buildRules = (
			);
			dependencies = (
				8A39F5CA272AB642001EB99D /* PBXTargetDependency */,
			);
			name = SamplePod2Tests;
			productName = SamplePod2Tests;
			productReference = 8A39F5C8272AB642001EB99D /* SamplePod2Tests.xctest */;
			productType = "com.apple.product-type.bundle.unit-test";
		};
		8A39F5D1272AB642001EB99D /* SamplePod2UITests */ = {
			isa = PBXNativeTarget;
			buildConfigurationList = 8A39F5E2272AB642001EB99D /* Build configuration list for PBXNativeTarget "SamplePod2UITests" */;
			buildPhases = (
				9CE49697553A7AAA72A120F7 /* [CP] Check Pods Manifest.lock */,
				8A39F5CE272AB642001EB99D /* Sources */,
				8A39F5CF272AB642001EB99D /* Frameworks */,
				8A39F5D0272AB642001EB99D /* Resources */,
				DAD287211F0C5CCE9FA0273E /* [CP] Embed Pods Frameworks */,
			);
			buildRules = (
			);
			dependencies = (
				8A39F5D4272AB642001EB99D /* PBXTargetDependency */,
			);
			name = SamplePod2UITests;
			productName = SamplePod2UITests;
			productReference = 8A39F5D2272AB642001EB99D /* SamplePod2UITests.xctest */;
			productType = "com.apple.product-type.bundle.ui-testing";
		};
/* End PBXNativeTarget section */

/* Begin PBXProject section */
		8A39F5AA272AB63F001EB99D /* Project object */ = {
			isa = PBXProject;
			attributes = {
				BuildIndependentTargetsInParallel = 1;
				LastSwiftUpdateCheck = 1300;
				LastUpgradeCheck = 1300;
				TargetAttributes = {
					8A39F5B1272AB63F001EB99D = {
						CreatedOnToolsVersion = 13.0;
					};
					8A39F5C7272AB642001EB99D = {
						CreatedOnToolsVersion = 13.0;
						TestTargetID = 8A39F5B1272AB63F001EB99D;
					};
					8A39F5D1272AB642001EB99D = {
						CreatedOnToolsVersion = 13.0;
						TestTargetID = 8A39F5B1272AB63F001EB99D;
					};
				};
			};
			buildConfigurationList = 8A39F5AD272AB63F001EB99D /* Build configuration list for PBXProject "SamplePod2" */;
			compatibilityVersion = "Xcode 13.0";
			developmentRegion = en;
			hasScannedForEncodings = 0;
			knownRegions = (
				en,
				Base,
			);
			mainGroup = 8A39F5A9272AB63F001EB99D;
			productRefGroup = 8A39F5B3272AB63F001EB99D /* Products */;
			projectDirPath = "";
			projectRoot = "";
			targets = (
				8A39F5B1272AB63F001EB99D /* SamplePod2 */,
				8A39F5C7272AB642001EB99D /* SamplePod2Tests */,
				8A39F5D1272AB642001EB99D /* SamplePod2UITests */,
			);
		};
/* End PBXProject section */

/* Begin PBXResourcesBuildPhase section */
		8A39F5B0272AB63F001EB99D /* Resources */ = {
			isa = PBXResourcesBuildPhase;
			buildActionMask = 2147483647;
			files = (
				8A39F5C2272AB642001EB99D /* LaunchScreen.storyboard in Resources */,
				8A39F5BF272AB642001EB99D /* Assets.xcassets in Resources */,
				8A39F5BD272AB63F001EB99D /* Main.storyboard in Resources */,
			);
			runOnlyForDeploymentPostprocessing = 0;
		};
		8A39F5C6272AB642001EB99D /* Resources */ = {
			isa = PBXResourcesBuildPhase;
			buildActionMask = 2147483647;
			files = (
			);
			runOnlyForDeploymentPostprocessing = 0;
		};
		8A39F5D0272AB642001EB99D /* Resources */ = {
			isa = PBXResourcesBuildPhase;
			buildActionMask = 2147483647;
			files = (
			);
			runOnlyForDeploymentPostprocessing = 0;
		};
/* End PBXResourcesBuildPhase section */

/* Begin PBXShellScriptBuildPhase section */
		691973A52C8D96D69AE5F129 /* [CP] Check Pods Manifest.lock */ = {
			isa = PBXShellScriptBuildPhase;
			buildActionMask = 2147483647;
			files = (
			);
			inputFileListPaths = (
			);
			inputPaths = (
				"${PODS_PODFILE_DIR_PATH}/Podfile.lock",
				"${PODS_ROOT}/Manifest.lock",
			);
			name = "[CP] Check Pods Manifest.lock";
			outputFileListPaths = (
			);
			outputPaths = (
				"$(DERIVED_FILE_DIR)/Pods-SamplePod2-checkManifestLockResult.txt",
			);
			runOnlyForDeploymentPostprocessing = 0;
			shellPath = /bin/sh;
			shellScript = "diff \"${PODS_PODFILE_DIR_PATH}/Podfile.lock\" \"${PODS_ROOT}/Manifest.lock\" > /dev/null\nif [ $? != 0 ] ; then\n    # print error to STDERR\n    echo \"error: The sandbox is not in sync with the Podfile.lock. Run 'pod install' or update your CocoaPods installation.\" >&2\n    exit 1\nfi\n# This output is used by Xcode 'outputs' to avoid re-running this script phase.\necho \"SUCCESS\" > \"${SCRIPT_OUTPUT_FILE_0}\"\n";
			showEnvVarsInLog = 0;
		};
		93D52DB421DF351A321ADB92 /* [CP] Embed Pods Frameworks */ = {
			isa = PBXShellScriptBuildPhase;
			buildActionMask = 2147483647;
			files = (
			);
			inputFileListPaths = (
				"${PODS_ROOT}/Target Support Files/Pods-SamplePod2/Pods-SamplePod2-frameworks-${CONFIGURATION}-input-files.xcfilelist",
			);
			name = "[CP] Embed Pods Frameworks";
			outputFileListPaths = (
				"${PODS_ROOT}/Target Support Files/Pods-SamplePod2/Pods-SamplePod2-frameworks-${CONFIGURATION}-output-files.xcfilelist",
			);
			runOnlyForDeploymentPostprocessing = 0;
			shellPath = /bin/sh;
			shellScript = "\"${PODS_ROOT}/Target Support Files/Pods-SamplePod2/Pods-SamplePod2-frameworks.sh\"\n";
			showEnvVarsInLog = 0;
		};
		9CE49697553A7AAA72A120F7 /* [CP] Check Pods Manifest.lock */ = {
			isa = PBXShellScriptBuildPhase;
			buildActionMask = 2147483647;
			files = (
			);
			inputFileListPaths = (
			);
			inputPaths = (
				"${PODS_PODFILE_DIR_PATH}/Podfile.lock",
				"${PODS_ROOT}/Manifest.lock",
			);
			name = "[CP] Check Pods Manifest.lock";
			outputFileListPaths = (
			);
			outputPaths = (
				"$(DERIVED_FILE_DIR)/Pods-SamplePod2-SamplePod2UITests-checkManifestLockResult.txt",
			);
			runOnlyForDeploymentPostprocessing = 0;
			shellPath = /bin/sh;
			shellScript = "diff \"${PODS_PODFILE_DIR_PATH}/Podfile.lock\" \"${PODS_ROOT}/Manifest.lock\" > /dev/null\nif [ $? != 0 ] ; then\n    # print error to STDERR\n    echo \"error: The sandbox is not in sync with the Podfile.lock. Run 'pod install' or update your CocoaPods installation.\" >&2\n    exit 1\nfi\n# This output is used by Xcode 'outputs' to avoid re-running this script phase.\necho \"SUCCESS\" > \"${SCRIPT_OUTPUT_FILE_0}\"\n";
			showEnvVarsInLog = 0;
		};
		DAD287211F0C5CCE9FA0273E /* [CP] Embed Pods Frameworks */ = {
			isa = PBXShellScriptBuildPhase;
			buildActionMask = 2147483647;
			files = (
			);
			inputFileListPaths = (
				"${PODS_ROOT}/Target Support Files/Pods-SamplePod2-SamplePod2UITests/Pods-SamplePod2-SamplePod2UITests-frameworks-${CONFIGURATION}-input-files.xcfilelist",
			);
			name = "[CP] Embed Pods Frameworks";
			outputFileListPaths = (
				"${PODS_ROOT}/Target Support Files/Pods-SamplePod2-SamplePod2UITests/Pods-SamplePod2-SamplePod2UITests-frameworks-${CONFIGURATION}-output-files.xcfilelist",
			);
			runOnlyForDeploymentPostprocessing = 0;
			shellPath = /bin/sh;
			shellScript = "\"${PODS_ROOT}/Target Support Files/Pods-SamplePod2-SamplePod2UITests/Pods-SamplePod2-SamplePod2UITests-frameworks.sh\"\n";
			showEnvVarsInLog = 0;
		};
		EEB7F825EDE5035BF0418E0C /* [CP] Check Pods Manifest.lock */ = {
			isa = PBXShellScriptBuildPhase;
			buildActionMask = 2147483647;
			files = (
			);
			inputFileListPaths = (
			);
			inputPaths = (
				"${PODS_PODFILE_DIR_PATH}/Podfile.lock",
				"${PODS_ROOT}/Manifest.lock",
			);
			name = "[CP] Check Pods Manifest.lock";
			outputFileListPaths = (
			);
			outputPaths = (
				"$(DERIVED_FILE_DIR)/Pods-SamplePod2Tests-checkManifestLockResult.txt",
			);
			runOnlyForDeploymentPostprocessing = 0;
			shellPath = /bin/sh;
			shellScript = "diff \"${PODS_PODFILE_DIR_PATH}/Podfile.lock\" \"${PODS_ROOT}/Manifest.lock\" > /dev/null\nif [ $? != 0 ] ; then\n    # print error to STDERR\n    echo \"error: The sandbox is not in sync with the Podfile.lock. Run 'pod install' or update your CocoaPods installation.\" >&2\n    exit 1\nfi\n# This output is used by Xcode 'outputs' to avoid re-running this script phase.\necho \"SUCCESS\" > \"${SCRIPT_OUTPUT_FILE_0}\"\n";
			showEnvVarsInLog = 0;
		};
/* End PBXShellScriptBuildPhase section */

/* Begin PBXSourcesBuildPhase section */
		8A39F5AE272AB63F001EB99D /* Sources */ = {
			isa = PBXSourcesBuildPhase;
			buildActionMask = 2147483647;
			files = (
				8A39F5BA272AB63F001EB99D /* ViewController.swift in Sources */,
				8A39F5B6272AB63F001EB99D /* AppDelegate.swift in Sources */,
				8A39F5B8272AB63F001EB99D /* SceneDelegate.swift in Sources */,
			);
			runOnlyForDeploymentPostprocessing = 0;
		};
		8A39F5C4272AB642001EB99D /* Sources */ = {
			isa = PBXSourcesBuildPhase;
			buildActionMask = 2147483647;
			files = (
				8A39F5CD272AB642001EB99D /* SamplePod2Tests.swift in Sources */,
			);
			runOnlyForDeploymentPostprocessing = 0;
		};
		8A39F5CE272AB642001EB99D /* Sources */ = {
			isa = PBXSourcesBuildPhase;
			buildActionMask = 2147483647;
			files = (
				8A39F5D7272AB642001EB99D /* SamplePod2UITests.swift in Sources */,
				8A39F5D9272AB642001EB99D /* SamplePod2UITestsLaunchTests.swift in Sources */,
			);
			runOnlyForDeploymentPostprocessing = 0;
		};
/* End PBXSourcesBuildPhase section */

/* Begin PBXTargetDependency section */
		8A39F5CA272AB642001EB99D /* PBXTargetDependency */ = {
			isa = PBXTargetDependency;
			target = 8A39F5B1272AB63F001EB99D /* SamplePod2 */;
			targetProxy = 8A39F5C9272AB642001EB99D /* PBXContainerItemProxy */;
		};
		8A39F5D4272AB642001EB99D /* PBXTargetDependency */ = {
			isa = PBXTargetDependency;
			target = 8A39F5B1272AB63F001EB99D /* SamplePod2 */;
			targetProxy = 8A39F5D3272AB642001EB99D /* PBXContainerItemProxy */;
		};
/* End PBXTargetDependency section */

/* Begin PBXVariantGroup section */
		8A39F5BB272AB63F001EB99D /* Main.storyboard */ = {
			isa = PBXVariantGroup;
			children = (
				8A39F5BC272AB63F001EB99D /* Base */,
			);
			name = Main.storyboard;
			sourceTree = "<group>";
		};
		8A39F5C0272AB642001EB99D /* LaunchScreen.storyboard */ = {
			isa = PBXVariantGroup;
			children = (
				8A39F5C1272AB642001EB99D /* Base */,
			);
			name = LaunchScreen.storyboard;
			sourceTree = "<group>";
		};
/* End PBXVariantGroup section */

/* Begin XCBuildConfiguration section */
		8A39F5DA272AB642001EB99D /* Debug */ = {
			isa = XCBuildConfiguration;
			buildSettings = {
				ALWAYS_SEARCH_USER_PATHS = NO;
				CLANG_ANALYZER_NONNULL = YES;
				CLANG_ANALYZER_NUMBER_OBJECT_CONVERSION = YES_AGGRESSIVE;
				CLANG_CXX_LANGUAGE_STANDARD = "gnu++17";
				CLANG_CXX_LIBRARY = "libc++";
				CLANG_ENABLE_MODULES = YES;
				CLANG_ENABLE_OBJC_ARC = YES;
				CLANG_ENABLE_OBJC_WEAK = YES;
				CLANG_WARN_BLOCK_CAPTURE_AUTORELEASING = YES;
				CLANG_WARN_BOOL_CONVERSION = YES;
				CLANG_WARN_COMMA = YES;
				CLANG_WARN_CONSTANT_CONVERSION = YES;
				CLANG_WARN_DEPRECATED_OBJC_IMPLEMENTATIONS = YES;
				CLANG_WARN_DIRECT_OBJC_ISA_USAGE = YES_ERROR;
				CLANG_WARN_DOCUMENTATION_COMMENTS = YES;
				CLANG_WARN_EMPTY_BODY = YES;
				CLANG_WARN_ENUM_CONVERSION = YES;
				CLANG_WARN_INFINITE_RECURSION = YES;
				CLANG_WARN_INT_CONVERSION = YES;
				CLANG_WARN_NON_LITERAL_NULL_CONVERSION = YES;
				CLANG_WARN_OBJC_IMPLICIT_RETAIN_SELF = YES;
				CLANG_WARN_OBJC_LITERAL_CONVERSION = YES;
				CLANG_WARN_OBJC_ROOT_CLASS = YES_ERROR;
				CLANG_WARN_QUOTED_INCLUDE_IN_FRAMEWORK_HEADER = YES;
				CLANG_WARN_RANGE_LOOP_ANALYSIS = YES;
				CLANG_WARN_STRICT_PROTOTYPES = YES;
				CLANG_WARN_SUSPICIOUS_MOVE = YES;
				CLANG_WARN_UNGUARDED_AVAILABILITY = YES_AGGRESSIVE;
				CLANG_WARN_UNREACHABLE_CODE = YES;
				CLANG_WARN__DUPLICATE_METHOD_MATCH = YES;
				COPY_PHASE_STRIP = NO;
				DEBUG_INFORMATION_FORMAT = dwarf;
				ENABLE_STRICT_OBJC_MSGSEND = YES;
				ENABLE_TESTABILITY = YES;
				GCC_C_LANGUAGE_STANDARD = gnu11;
				GCC_DYNAMIC_NO_PIC = NO;
				GCC_NO_COMMON_BLOCKS = YES;
				GCC_OPTIMIZATION_LEVEL = 0;
				GCC_PREPROCESSOR_DEFINITIONS = (
					"DEBUG=1",
					"$(inherited)",
				);
				GCC_WARN_64_TO_32_BIT_CONVERSION = YES;
				GCC_WARN_ABOUT_RETURN_TYPE = YES_ERROR;
				GCC_WARN_UNDECLARED_SELECTOR = YES;
				GCC_WARN_UNINITIALIZED_AUTOS = YES_AGGRESSIVE;
				GCC_WARN_UNUSED_FUNCTION = YES;
				GCC_WARN_UNUSED_VARIABLE = YES;
				IPHONEOS_DEPLOYMENT_TARGET = 13.0;
				MTL_ENABLE_DEBUG_INFO = INCLUDE_SOURCE;
				MTL_FAST_MATH = YES;
				ONLY_ACTIVE_ARCH = YES;
				SDKROOT = iphoneos;
				SWIFT_ACTIVE_COMPILATION_CONDITIONS = DEBUG;
				SWIFT_OPTIMIZATION_LEVEL = "-Onone";
			};
			name = Debug;
		};
		8A39F5DB272AB642001EB99D /* Release */ = {
			isa = XCBuildConfiguration;
			buildSettings = {
				ALWAYS_SEARCH_USER_PATHS = NO;
				CLANG_ANALYZER_NONNULL = YES;
				CLANG_ANALYZER_NUMBER_OBJECT_CONVERSION = YES_AGGRESSIVE;
				CLANG_CXX_LANGUAGE_STANDARD = "gnu++17";
				CLANG_CXX_LIBRARY = "libc++";
				CLANG_ENABLE_MODULES = YES;
				CLANG_ENABLE_OBJC_ARC = YES;
				CLANG_ENABLE_OBJC_WEAK = YES;
				CLANG_WARN_BLOCK_CAPTURE_AUTORELEASING = YES;
				CLANG_WARN_BOOL_CONVERSION = YES;
				CLANG_WARN_COMMA = YES;
				CLANG_WARN_CONSTANT_CONVERSION = YES;
				CLANG_WARN_DEPRECATED_OBJC_IMPLEMENTATIONS = YES;
				CLANG_WARN_DIRECT_OBJC_ISA_USAGE = YES_ERROR;
				CLANG_WARN_DOCUMENTATION_COMMENTS = YES;
				CLANG_WARN_EMPTY_BODY = YES;
				CLANG_WARN_ENUM_CONVERSION = YES;
				CLANG_WARN_INFINITE_RECURSION = YES;
				CLANG_WARN_INT_CONVERSION = YES;
				CLANG_WARN_NON_LITERAL_NULL_CONVERSION = YES;
				CLANG_WARN_OBJC_IMPLICIT_RETAIN_SELF = YES;
				CLANG_WARN_OBJC_LITERAL_CONVERSION = YES;
				CLANG_WARN_OBJC_ROOT_CLASS = YES_ERROR;
				CLANG_WARN_QUOTED_INCLUDE_IN_FRAMEWORK_HEADER = YES;
				CLANG_WARN_RANGE_LOOP_ANALYSIS = YES;
				CLANG_WARN_STRICT_PROTOTYPES = YES;
				CLANG_WARN_SUSPICIOUS_MOVE = YES;
				CLANG_WARN_UNGUARDED_AVAILABILITY = YES_AGGRESSIVE;
				CLANG_WARN_UNREACHABLE_CODE = YES;
				CLANG_WARN__DUPLICATE_METHOD_MATCH = YES;
				COPY_PHASE_STRIP = NO;
				DEBUG_INFORMATION_FORMAT = "dwarf-with-dsym";
				ENABLE_NS_ASSERTIONS = NO;
				ENABLE_STRICT_OBJC_MSGSEND = YES;
				GCC_C_LANGUAGE_STANDARD = gnu11;
				GCC_NO_COMMON_BLOCKS = YES;
				GCC_WARN_64_TO_32_BIT_CONVERSION = YES;
				GCC_WARN_ABOUT_RETURN_TYPE = YES_ERROR;
				GCC_WARN_UNDECLARED_SELECTOR = YES;
				GCC_WARN_UNINITIALIZED_AUTOS = YES_AGGRESSIVE;
				GCC_WARN_UNUSED_FUNCTION = YES;
				GCC_WARN_UNUSED_VARIABLE = YES;
				IPHONEOS_DEPLOYMENT_TARGET = 13.0;
				MTL_ENABLE_DEBUG_INFO = NO;
				MTL_FAST_MATH = YES;
				SDKROOT = iphoneos;
				SWIFT_COMPILATION_MODE = wholemodule;
				SWIFT_OPTIMIZATION_LEVEL = "-O";
				VALIDATE_PRODUCT = YES;
			};
			name = Release;
		};
		8A39F5DD272AB642001EB99D /* Debug */ = {
			isa = XCBuildConfiguration;
			baseConfigurationReference = F831833200A19D79C2B904FA /* Pods-SamplePod2.debug.xcconfig */;
			buildSettings = {
				ASSETCATALOG_COMPILER_APPICON_NAME = AppIcon;
				ASSETCATALOG_COMPILER_GLOBAL_ACCENT_COLOR_NAME = AccentColor;
				CODE_SIGN_STYLE = Automatic;
				CURRENT_PROJECT_VERSION = 1;
				DEVELOPMENT_TEAM = D3PDF234MH;
				GENERATE_INFOPLIST_FILE = YES;
				INFOPLIST_FILE = SamplePod2/Info.plist;
				INFOPLIST_KEY_UIApplicationSupportsIndirectInputEvents = YES;
				INFOPLIST_KEY_UILaunchStoryboardName = LaunchScreen;
				INFOPLIST_KEY_UIMainStoryboardFile = Main;
				INFOPLIST_KEY_UISupportedInterfaceOrientations_iPad = "UIInterfaceOrientationPortrait UIInterfaceOrientationPortraitUpsideDown UIInterfaceOrientationLandscapeLeft UIInterfaceOrientationLandscapeRight";
				INFOPLIST_KEY_UISupportedInterfaceOrientations_iPhone = "UIInterfaceOrientationPortrait UIInterfaceOrientationLandscapeLeft UIInterfaceOrientationLandscapeRight";
				IPHONEOS_DEPLOYMENT_TARGET = 13.0;
				LD_RUNPATH_SEARCH_PATHS = (
					"$(inherited)",
					"@executable_path/Frameworks",
				);
				MARKETING_VERSION = 1.0;
				PRODUCT_BUNDLE_IDENTIFIER = milan.SamplePod2;
				PRODUCT_NAME = "$(TARGET_NAME)";
				SWIFT_EMIT_LOC_STRINGS = YES;
				SWIFT_VERSION = 5.0;
				TARGETED_DEVICE_FAMILY = "1,2";
			};
			name = Debug;
		};
		8A39F5DE272AB642001EB99D /* Release */ = {
			isa = XCBuildConfiguration;
			baseConfigurationReference = AA4106F9088B18BE96BE4C99 /* Pods-SamplePod2.release.xcconfig */;
			buildSettings = {
				ASSETCATALOG_COMPILER_APPICON_NAME = AppIcon;
				ASSETCATALOG_COMPILER_GLOBAL_ACCENT_COLOR_NAME = AccentColor;
				CODE_SIGN_STYLE = Automatic;
				CURRENT_PROJECT_VERSION = 1;
				DEVELOPMENT_TEAM = D3PDF234MH;
				GENERATE_INFOPLIST_FILE = YES;
				INFOPLIST_FILE = SamplePod2/Info.plist;
				INFOPLIST_KEY_UIApplicationSupportsIndirectInputEvents = YES;
				INFOPLIST_KEY_UILaunchStoryboardName = LaunchScreen;
				INFOPLIST_KEY_UIMainStoryboardFile = Main;
				INFOPLIST_KEY_UISupportedInterfaceOrientations_iPad = "UIInterfaceOrientationPortrait UIInterfaceOrientationPortraitUpsideDown UIInterfaceOrientationLandscapeLeft UIInterfaceOrientationLandscapeRight";
				INFOPLIST_KEY_UISupportedInterfaceOrientations_iPhone = "UIInterfaceOrientationPortrait UIInterfaceOrientationLandscapeLeft UIInterfaceOrientationLandscapeRight";
				IPHONEOS_DEPLOYMENT_TARGET = 13.0;
				LD_RUNPATH_SEARCH_PATHS = (
					"$(inherited)",
					"@executable_path/Frameworks",
				);
				MARKETING_VERSION = 1.0;
				PRODUCT_BUNDLE_IDENTIFIER = milan.SamplePod2;
				PRODUCT_NAME = "$(TARGET_NAME)";
				SWIFT_EMIT_LOC_STRINGS = YES;
				SWIFT_VERSION = 5.0;
				TARGETED_DEVICE_FAMILY = "1,2";
			};
			name = Release;
		};
		8A39F5E0272AB642001EB99D /* Debug */ = {
			isa = XCBuildConfiguration;
			baseConfigurationReference = 24616C8188244B5F132740DC /* Pods-SamplePod2Tests.debug.xcconfig */;
			buildSettings = {
				ALWAYS_EMBED_SWIFT_STANDARD_LIBRARIES = YES;
				BUNDLE_LOADER = "$(TEST_HOST)";
				CODE_SIGN_STYLE = Automatic;
				CURRENT_PROJECT_VERSION = 1;
				DEVELOPMENT_TEAM = D3PDF234MH;
				GENERATE_INFOPLIST_FILE = YES;
				IPHONEOS_DEPLOYMENT_TARGET = 15.0;
				LD_RUNPATH_SEARCH_PATHS = (
					"$(inherited)",
					"@executable_path/Frameworks",
					"@loader_path/Frameworks",
				);
				MARKETING_VERSION = 1.0;
				PRODUCT_BUNDLE_IDENTIFIER = milan.SamplePod2Tests;
				PRODUCT_NAME = "$(TARGET_NAME)";
				SWIFT_EMIT_LOC_STRINGS = NO;
				SWIFT_VERSION = 5.0;
				TARGETED_DEVICE_FAMILY = "1,2";
				TEST_HOST = "$(BUILT_PRODUCTS_DIR)/SamplePod2.app/SamplePod2";
			};
			name = Debug;
		};
		8A39F5E1272AB642001EB99D /* Release */ = {
			isa = XCBuildConfiguration;
			baseConfigurationReference = 0634B45A93A671BA0023E126 /* Pods-SamplePod2Tests.release.xcconfig */;
			buildSettings = {
				ALWAYS_EMBED_SWIFT_STANDARD_LIBRARIES = YES;
				BUNDLE_LOADER = "$(TEST_HOST)";
				CODE_SIGN_STYLE = Automatic;
				CURRENT_PROJECT_VERSION = 1;
				DEVELOPMENT_TEAM = D3PDF234MH;
				GENERATE_INFOPLIST_FILE = YES;
				IPHONEOS_DEPLOYMENT_TARGET = 15.0;
				LD_RUNPATH_SEARCH_PATHS = (
					"$(inherited)",
					"@executable_path/Frameworks",
					"@loader_path/Frameworks",
				);
				MARKETING_VERSION = 1.0;
				PRODUCT_BUNDLE_IDENTIFIER = milan.SamplePod2Tests;
				PRODUCT_NAME = "$(TARGET_NAME)";
				SWIFT_EMIT_LOC_STRINGS = NO;
				SWIFT_VERSION = 5.0;
				TARGETED_DEVICE_FAMILY = "1,2";
				TEST_HOST = "$(BUILT_PRODUCTS_DIR)/SamplePod2.app/SamplePod2";
			};
			name = Release;
		};
		8A39F5E3272AB642001EB99D /* Debug */ = {
			isa = XCBuildConfiguration;
			baseConfigurationReference = 063B3C4344955857F377EB00 /* Pods-SamplePod2-SamplePod2UITests.debug.xcconfig */;
			buildSettings = {
				ALWAYS_EMBED_SWIFT_STANDARD_LIBRARIES = YES;
				CODE_SIGN_STYLE = Automatic;
				CURRENT_PROJECT_VERSION = 1;
				DEVELOPMENT_TEAM = D3PDF234MH;
				GENERATE_INFOPLIST_FILE = YES;
				LD_RUNPATH_SEARCH_PATHS = (
					"$(inherited)",
					"@executable_path/Frameworks",
					"@loader_path/Frameworks",
				);
				MARKETING_VERSION = 1.0;
				PRODUCT_BUNDLE_IDENTIFIER = milan.SamplePod2UITests;
				PRODUCT_NAME = "$(TARGET_NAME)";
				SWIFT_EMIT_LOC_STRINGS = NO;
				SWIFT_VERSION = 5.0;
				TARGETED_DEVICE_FAMILY = "1,2";
				TEST_TARGET_NAME = SamplePod2;
			};
			name = Debug;
		};
		8A39F5E4272AB642001EB99D /* Release */ = {
			isa = XCBuildConfiguration;
			baseConfigurationReference = 557D4A5251267B880738286A /* Pods-SamplePod2-SamplePod2UITests.release.xcconfig */;
			buildSettings = {
				ALWAYS_EMBED_SWIFT_STANDARD_LIBRARIES = YES;
				CODE_SIGN_STYLE = Automatic;
				CURRENT_PROJECT_VERSION = 1;
				DEVELOPMENT_TEAM = D3PDF234MH;
				GENERATE_INFOPLIST_FILE = YES;
				LD_RUNPATH_SEARCH_PATHS = (
					"$(inherited)",
					"@executable_path/Frameworks",
					"@loader_path/Frameworks",
				);
				MARKETING_VERSION = 1.0;
				PRODUCT_BUNDLE_IDENTIFIER = milan.SamplePod2UITests;
				PRODUCT_NAME = "$(TARGET_NAME)";
				SWIFT_EMIT_LOC_STRINGS = NO;
				SWIFT_VERSION = 5.0;
				TARGETED_DEVICE_FAMILY = "1,2";
				TEST_TARGET_NAME = SamplePod2;
			};
			name = Release;
		};
/* End XCBuildConfiguration section */

/* Begin XCConfigurationList section */
		8A39F5AD272AB63F001EB99D /* Build configuration list for PBXProject "SamplePod2" */ = {
			isa = XCConfigurationList;
			buildConfigurations = (
				8A39F5DA272AB642001EB99D /* Debug */,
				8A39F5DB272AB642001EB99D /* Release */,
			);
			defaultConfigurationIsVisible = 0;
			defaultConfigurationName = Release;
		};
		8A39F5DC272AB642001EB99D /* Build configuration list for PBXNativeTarget "SamplePod2" */ = {
			isa = XCConfigurationList;
			buildConfigurations = (
				8A39F5DD272AB642001EB99D /* Debug */,
				8A39F5DE272AB642001EB99D /* Release */,
			);
			defaultConfigurationIsVisible = 0;
			defaultConfigurationName = Release;
		};
		8A39F5DF272AB642001EB99D /* Build configuration list for PBXNativeTarget "SamplePod2Tests" */ = {
			isa = XCConfigurationList;
			buildConfigurations = (
				8A39F5E0272AB642001EB99D /* Debug */,
				8A39F5E1272AB642001EB99D /* Release */,
			);
			defaultConfigurationIsVisible = 0;
			defaultConfigurationName = Release;
		};
		8A39F5E2272AB642001EB99D /* Build configuration list for PBXNativeTarget "SamplePod2UITests" */ = {
			isa = XCConfigurationList;
			buildConfigurations = (
				8A39F5E3272AB642001EB99D /* Debug */,
				8A39F5E4272AB642001EB99D /* Release */,
			);
			defaultConfigurationIsVisible = 0;
			defaultConfigurationName = Release;
		};
/* End XCConfigurationList section */
	};
	rootObject = 8A39F5AA272AB63F001EB99D /* Project object */;
}
